
Microsoft Visual Studio Solution File, Format Version 12.00
# Visual Studio Version 17
VisualStudioVersion = 17.5.002.0
MinimumVisualStudioVersion = 10.0.40219.1
Project("{9A19103F-16F7-4668-BE54-9A1E7A4F7556}") = "projeto03", "projeto03.csproj", "{D8C9977B-4B70-4732-997E-24CAD50E0BEB}"
EndProject
Global
	GlobalSection(SolutionConfigurationPlatforms) = preSolution
		Debug|Any CPU = Debug|Any CPU
		Release|Any CPU = Release|Any CPU
	EndGlobalSection
	GlobalSection(ProjectConfigurationPlatforms) = postSolution
		{D8C9977B-4B70-4732-997E-24CAD50E0BEB}.Debug|Any CPU.ActiveCfg = Debug|Any CPU
		{D8C9977B-4B70-4732-997E-24CAD50E0BEB}.Debug|Any CPU.Build.0 = Debug|Any CPU
		{D8C9977B-4B70-4732-997E-24CAD50E0BEB}.Release|Any CPU.ActiveCfg = Release|Any CPU
		{D8C9977B-4B70-4732-997E-24CAD50E0BEB}.Release|Any CPU.Build.0 = Release|Any CPU
	EndGlobalSection
	GlobalSection(SolutionProperties) = preSolution
		HideSolutionNode = FALSE
	EndGlobalSection
	GlobalSection(ExtensibilityGlobals) = postSolution
		SolutionGuid = {6FC39A46-C2CF-4332-ACC9-5201749A1A5A}
	EndGlobalSection
EndGlobal
